
Microsoft Visual Studio Solution File, Format Version 12.00
# Visual Studio Version 17
VisualStudioVersion = 17.1.32414.318
MinimumVisualStudioVersion = 10.0.40219.1
Project("{888888A0-9F3D-457C-B088-3A5042F75D52}") = "Pong", "Pong.pyproj", "{14B2A70B-E19A-4851-AD46-43908BE75587}"
EndProject
Global
	GlobalSection(SolutionConfigurationPlatforms) = preSolution
		Debug|Any CPU = Debug|Any CPU
		Release|Any CPU = Release|Any CPU
	EndGlobalSection
	GlobalSection(ProjectConfigurationPlatforms) = postSolution
		{14B2A70B-E19A-4851-AD46-43908BE75587}.Debug|Any CPU.ActiveCfg = Debug|Any CPU
		{14B2A70B-E19A-4851-AD46-43908BE75587}.Release|Any CPU.ActiveCfg = Release|Any CPU
	EndGlobalSection
	GlobalSection(SolutionProperties) = preSolution
		HideSolutionNode = FALSE
	EndGlobalSection
	GlobalSection(ExtensibilityGlobals) = postSolution
		SolutionGuid = {638B4753-A75D-4B54-B17A-A8555F5A8211}
	EndGlobalSection
EndGlobal
